
Microsoft Visual Studio Solution File, Format Version 12.00
# Visual Studio 15
VisualStudioVersion = 15.0.28307.421
MinimumVisualStudioVersion = 10.0.40219.1
Project("{FAE04EC0-301F-11D3-BF4B-00C04F79EFBC}") = "VidYou", "VidYou\VidYou.csproj", "{2593D944-9464-4089-BE0D-FBEB5040CE10}"
EndProject
Global
	GlobalSection(SolutionConfigurationPlatforms) = preSolution
		Debug|Any CPU = Debug|Any CPU
		Release|Any CPU = Release|Any CPU
	EndGlobalSection
	GlobalSection(ProjectConfigurationPlatforms) = postSolution
		{2593D944-9464-4089-BE0D-FBEB5040CE10}.Debug|Any CPU.ActiveCfg = Debug|Any CPU
		{2593D944-9464-4089-BE0D-FBEB5040CE10}.Debug|Any CPU.Build.0 = Debug|Any CPU
		{2593D944-9464-4089-BE0D-FBEB5040CE10}.Release|Any CPU.ActiveCfg = Release|Any CPU
		{2593D944-9464-4089-BE0D-FBEB5040CE10}.Release|Any CPU.Build.0 = Release|Any CPU
	EndGlobalSection
	GlobalSection(SolutionProperties) = preSolution
		HideSolutionNode = FALSE
	EndGlobalSection
	GlobalSection(ExtensibilityGlobals) = postSolution
		SolutionGuid = {30316CD9-D5DF-4829-8518-FE6436DCD469}
	EndGlobalSection
EndGlobal
